# This file is autogenerated, do not edit; changes may be undone by the next 'dep ensure'.


[[projects]]
  branch = "master"
  digest = "1:ee25a33cbea1d4a33ac9a5bad9877bb3dbc35c3d8cc6deee9f28c9c246855fac"
  name = "github.com/JohannWeging/logerr"
  packages = ["."]
  pruneopts = "NUT"
  revision = "5e4972caecf8c60502440a69c298b721ca2b216b"

[[projects]]
  digest = "1:aba48b6c6600a43db48da14ae43338220b2cfc262a0e064b29085fbf75ed5b68"
  name = "github.com/eclipse/paho.mqtt.golang"
  packages = [
    ".",
    "packets",
  ]
  pruneopts = "NUT"
  revision = "36d01c2b4cbeb3d2a12063e4880ce30800af9560"
  version = "v1.1.1"

[[projects]]
  branch = "master"
  digest = "1:df73a1d4552abf519df3b4560142a1f532682304048b561e60e7804e1256a805"
  name = "github.com/juju/errors"
  packages = ["."]
  pruneopts = "NUT"
  revision = "a4583d0a56eac4bdd939e38050d0c69abe0a9b41"

[[projects]]
  digest = "1:4059c14e87a2de3a434430340521b5feece186c1469eff0834c29a63870de3ed"
  name = "github.com/konsorten/go-windows-terminal-sequences"
  packages = ["."]
  pruneopts = "NUT"
  revision = "5c8c8bd35d3832f5d134ae1e1e375b69a4d25242"
  version = "v1.0.1"

[[projects]]
  digest = "1:f6cc072a289a686fda22819d871cd1b0407640141b2f6616dfbab957c96bf6c3"
  name = "github.com/luzifer/rconfig"
  packages = ["."]
  pruneopts = "NUT"
  revision = "5b80190bff90ccb9899db31e45baac7b1bede03b"
  version = "v2.2.0"

[[projects]]
  digest = "1:ecf78eacf406c42f07f66d6b79fda24d2b92dc711bfd0760d0c931678f9621fe"
  name = "github.com/sirupsen/logrus"
  packages = ["."]
  pruneopts = "NUT"
  revision = "ad15b42461921f1fb3529b058c6786c6a45d5162"
  version = "v1.1.1"

[[projects]]
  digest = "1:9d8420bbf131d1618bde6530af37c3799340d3762cc47210c1d9532a4c3a2779"
  name = "github.com/spf13/pflag"
  packages = ["."]
  pruneopts = "NUT"
  revision = "298182f68c66c05229eb03ac171abe6e309ee79a"
  version = "v1.0.3"

[[projects]]
  branch = "master"
  digest = "1:74b2bcc0d1f41671f8a8efb11c7119c6f6b0c8b4fc0435da9c50916720d93b3b"
  name = "github.com/ziutek/telnet"
  packages = ["."]
  pruneopts = "NUT"
  revision = "c3b780dc415b28894076b4ec975ea3ea69e3980f"

[[projects]]
  branch = "master"
  digest = "1:3f3a05ae0b95893d90b9b3b5afdb79a9b3d96e4e36e099d841ae602e4aca0da8"
  name = "golang.org/x/crypto"
  packages = ["ssh/terminal"]
  pruneopts = "NUT"
  revision = "e84da0312774c21d64ee2317962ef669b27ffb41"

[[projects]]
  branch = "master"
  digest = "1:50095e42352dba1c6ab2cec7e03b24fb4b513123f41d4ab4dbd2627c25fe18b8"
  name = "golang.org/x/net"
  packages = [
    "internal/socks",
    "proxy",
    "websocket",
  ]
  pruneopts = "NUT"
  revision = "9b4f9f5ad5197c79fd623a3638e70d8b26cef344"

[[projects]]
  branch = "master"
  digest = "1:490cc87db0a73882fcd13661bd48a64574f04f0e46d37fcdde33aade70787838"
  name = "golang.org/x/sys"
  packages = [
    "unix",
    "windows",
  ]
  pruneopts = "NUT"
  revision = "95b1ffbd15a57cc5abb3f04402b9e8ec0016a52c"

[[projects]]
  branch = "v2"
  digest = "1:1ab6db2d2bd353449c5d1e976ba7a92a0ece6e83aaab3e6674f8f2f1faebb85a"
  name = "gopkg.in/validator.v2"
  packages = ["."]
  pruneopts = "NUT"
  revision = "135c24b11c19e52befcae2ec3fca5d9b78c4e98e"

[[projects]]
  digest = "1:7c95b35057a0ff2e19f707173cc1a947fa43a6eb5c4d300d196ece0334046082"
  name = "gopkg.in/yaml.v2"
  packages = ["."]
  pruneopts = "NUT"
  revision = "5420a8b6744d3b0345ab293f6fcba19c978f1183"
  version = "v2.2.1"

[solve-meta]
  analyzer-name = "dep"
  analyzer-version = 1
  input-imports = [
    "github.com/JohannWeging/logerr",
    "github.com/eclipse/paho.mqtt.golang",
    "github.com/juju/errors",
    "github.com/luzifer/rconfig",
    "github.com/sirupsen/logrus",
    "github.com/ziutek/telnet",
  ]
  solver-name = "gps-cdcl"
  solver-version = 1
